{
  "name": "11-custom-writable-to-file-stream",
  "version": "1.0.0",
  "lockfileVersion": 2,
  "requires": true,
  "packages": {
    "": {
      "name": "11-custom-writable-to-file-stream",
      "version": "1.0.0",
      "license": "ISC",
      "dependencies": {
        "mkdirp": "^1.0.4",
        "mkdirp-promise": "^5.0.1"
      },
      "engines": {
        "node": ">=14"
      }
    },
    "node_modules/mkdirp": {
      "version": "1.0.4",
      "resolved": "https://registry.npmjs.org/mkdirp/-/mkdirp-1.0.4.tgz",
      "integrity": "sha512-vVqVZQyf3WLx2Shd0qJ9xuvqgAyKPLAiqITEtqW0oIUjzo3PePDd6fW9iFz30ef7Ysp/oiWqbhszeGWW2T6Gzw==",
      "bin": {
        "mkdirp": "bin/cmd.js"
      },
      "engines": {
        "node": ">=10"
      }
    },
    "node_modules/mkdirp-promise": {
      "version": "5.0.1",
      "resolved": "https://registry.npmjs.org/mkdirp-promise/-/mkdirp-promise-5.0.1.tgz",
      "integrity": "sha1-6bj2jlUsaKnBcTuEiD96HdA5uKE=",
      "deprecated": "This package is broken and no longer maintained. 'mkdirp' itself supports promises now, please switch to that.",
      "dependencies": {
        "mkdirp": "*"
      },
      "engines": {
        "node": ">=4"
      }
    }
  },
  "dependencies": {
    "mkdirp": {
      "version": "1.0.4",
      "resolved": "https://registry.npmjs.org/mkdirp/-/mkdirp-1.0.4.tgz",
      "integrity": "sha512-vVqVZQyf3WLx2Shd0qJ9xuvqgAyKPLAiqITEtqW0oIUjzo3PePDd6fW9iFz30ef7Ysp/oiWqbhszeGWW2T6Gzw=="
    },
    "mkdirp-promise": {
      "version": "5.0.1",
      "resolved": "https://registry.npmjs.org/mkdirp-promise/-/mkdirp-promise-5.0.1.tgz",
      "integrity": "sha1-6bj2jlUsaKnBcTuEiD96HdA5uKE=",
      "requires": {
        "mkdirp": "*"
      }
    }
  }
}
